
Microsoft Visual Studio Solution File, Format Version 12.00
# Visual Studio 14
VisualStudioVersion = 14.0.24720.0
MinimumVisualStudioVersion = 10.0.40219.1
Project("{0b8e4f57-948c-4d86-bb9c-e1549be28d93}") = "StealthCommApp", "StealthCommApp.vcxproj", "{679064ec-058c-4ef9-a2ba-dca3b8b24f08}"
EndProject
Global
	GlobalSection(SolutionConfigurationPlatforms) = preSolution
		Debug|x64 = Debug|x64
		Debug|x86 = Debug|x86
		Release|x64 = Release|x64
		Release|x86 = Release|x86
	EndGlobalSection
	GlobalSection(ProjectConfigurationPlatforms) = postSolution
		{679064ec-058c-4ef9-a2ba-dca3b8b24f08}.Debug|x64.ActiveCfg = Debug|x64
		{679064ec-058c-4ef9-a2ba-dca3b8b24f08}.Debug|x64.Build.0 = Debug|x64
		{679064ec-058c-4ef9-a2ba-dca3b8b24f08}.Debug|x86.ActiveCfg = Debug|Win32
		{679064ec-058c-4ef9-a2ba-dca3b8b24f08}.Debug|x86.Build.0 = Debug|Win32
		{679064ec-058c-4ef9-a2ba-dca3b8b24f08}.Release|x64.ActiveCfg = Release|x64
		{679064ec-058c-4ef9-a2ba-dca3b8b24f08}.Release|x64.Build.0 = Release|x64
		{679064ec-058c-4ef9-a2ba-dca3b8b24f08}.Release|x86.ActiveCfg = Release|Win32
		{679064ec-058c-4ef9-a2ba-dca3b8b24f08}.Release|x86.Build.0 = Release|Win32
	EndGlobalSection
	GlobalSection(SolutionProperties) = preSolution
		HideSolutionNode = FALSE
	EndGlobalSection
EndGlobal
